
Microsoft Visual Studio Solution File, Format Version 12.00
# Visual Studio Version 17
VisualStudioVersion = 17.4.33110.190
MinimumVisualStudioVersion = 10.0.40219.1
Project("{FAE04EC0-301F-11D3-BF4B-00C04F79EFBC}") = "LINQDemoConsole", "LINQDemoConsole\LINQDemoConsole.csproj", "{04CE9450-7247-426F-B7E2-E581F6D01648}"
EndProject
Global
	GlobalSection(SolutionConfigurationPlatforms) = preSolution
		Debug|Any CPU = Debug|Any CPU
		Release|Any CPU = Release|Any CPU
	EndGlobalSection
	GlobalSection(ProjectConfigurationPlatforms) = postSolution
		{04CE9450-7247-426F-B7E2-E581F6D01648}.Debug|Any CPU.ActiveCfg = Debug|Any CPU
		{04CE9450-7247-426F-B7E2-E581F6D01648}.Debug|Any CPU.Build.0 = Debug|Any CPU
		{04CE9450-7247-426F-B7E2-E581F6D01648}.Release|Any CPU.ActiveCfg = Release|Any CPU
		{04CE9450-7247-426F-B7E2-E581F6D01648}.Release|Any CPU.Build.0 = Release|Any CPU
	EndGlobalSection
	GlobalSection(SolutionProperties) = preSolution
		HideSolutionNode = FALSE
	EndGlobalSection
	GlobalSection(ExtensibilityGlobals) = postSolution
		SolutionGuid = {DAD0FAD6-B0EE-4C68-832F-024F0F76AF6C}
	EndGlobalSection
EndGlobal
